{
  "R": {
    "Version": "4.0.5",
    "Repositories": [
      {
        "Name": "CRAN",
        "URL": "https://cloud.r-project.org"
      }
    ]
  },
  "Packages": {
    "DBI": {
      "Package": "DBI",
      "Version": "1.1.0",
      "Source": "Repository",
      "Repository": "CRAN",
      "Hash": "4744be45519d675af66c28478720fce5"
    },
    "DHARMa": {
      "Package": "DHARMa",
      "Version": "0.4.1",
      "Source": "Repository",
      "Repository": "CRAN",
      "Hash": "61b068b79c6b5a6811c48bb1e46d59e7"
    },
    "DT": {
      "Package": "DT",
      "Version": "0.15",
      "Source": "Repository",
      "Repository": "CRAN",
      "Hash": "85738c69035e67ec4b484a5e02640ef6"
    },
    "KernSmooth": {
      "Package": "KernSmooth",
      "Version": "2.23-20",
      "Source": "Repository",
      "Repository": "CRAN",
      "Hash": "8dcfa99b14c296bc9f1fd64d52fd3ce7"
    },
    "MASS": {
      "Package": "MASS",
      "Version": "7.3-54",
      "Source": "Repository",
      "Repository": "CRAN",
      "Hash": "0e59129db205112e3963904db67fd0dc"
    },
    "Matrix": {
      "Package": "Matrix",
      "Version": "1.3-3",
      "Source": "Repository",
      "Repository": "CRAN",
      "Hash": "df57c82e79600601287edfdcef92c2d6"
    },
    "R6": {
      "Package": "R6",
      "Version": "2.5.0",
      "Source": "Repository",
      "Repository": "CRAN",
      "Hash": "b203113193e70978a696b2809525649d"
    },
    "RColorBrewer": {
      "Package": "RColorBrewer",
      "Version": "1.1-2",
      "Source": "Repository",
      "Repository": "CRAN",
      "Hash": "e031418365a7f7a766181ab5a41a5716"
    },
    "Rcpp": {
      "Package": "Rcpp",
      "Version": "1.0.6",
      "Source": "Repository",
      "Repository": "CRAN",
      "Hash": "dbb5e436998a7eba5a9d682060533338"
    },
    "RcppArmadillo": {
      "Package": "RcppArmadillo",
      "Version": "0.10.4.0.0",
      "Source": "Repository",
      "Repository": "CRAN",
      "Hash": "a8df2d4278c6501b2c209f4acc6a3036"
    },
    "RcppEigen": {
      "Package": "RcppEigen",
      "Version": "0.3.3.9.1",
      "Source": "Repository",
      "Repository": "CRAN",
      "Hash": "ddfa72a87fdf4c80466a20818be91d00"
    },
    "Rttf2pt1": {
      "Package": "Rttf2pt1",
      "Version": "1.3.8",
      "Source": "Repository",
      "Repository": "CRAN",
      "Hash": "8c4137a9ab70de4787d57758f8190617"
    },
    "abind": {
      "Package": "abind",
      "Version": "1.4-5",
      "Source": "Repository",
      "Repository": "CRAN",
      "Hash": "4f57884290cc75ab22f4af9e9d4ca862"
    },
    "ape": {
      "Package": "ape",
      "Version": "5.5",
      "Source": "Repository",
      "Repository": "CRAN",
      "Hash": "8927e35d3da343034928548484e5eda7"
    },
    "askpass": {
      "Package": "askpass",
      "Version": "1.1",
      "Source": "Repository",
      "Repository": "CRAN",
      "Hash": "e8a22846fff485f0be3770c2da758713"
    },
    "assertthat": {
      "Package": "assertthat",
      "Version": "0.2.1",
      "Source": "Repository",
      "Repository": "CRAN",
      "Hash": "50c838a310445e954bc13f26f26a6ecf"
    },
    "backports": {
      "Package": "backports",
      "Version": "1.1.10",
      "Source": "Repository",
      "Repository": "CRAN",
      "Hash": "05ffd2d4acb51aee70f1de68ad7a6aed"
    },
    "base64enc": {
      "Package": "base64enc",
      "Version": "0.1-3",
      "Source": "Repository",
      "Repository": "CRAN",
      "Hash": "543776ae6848fde2f48ff3816d0628bc"
    },
    "base64url": {
      "Package": "base64url",
      "Version": "1.4",
      "Source": "Repository",
      "Repository": "CRAN",
      "Hash": "0c54cf3a08cc0e550fbd64ad33166143"
    },
    "blob": {
      "Package": "blob",
      "Version": "1.2.1",
      "Source": "Repository",
      "Repository": "CRAN",
      "Hash": "9addc7e2c5954eca5719928131fed98c"
    },
    "bookdown": {
      "Package": "bookdown",
      "Version": "0.21",
      "Source": "Repository",
      "Repository": "CRAN",
      "Hash": "1bf627f1f77313e345f71e779b658578"
    },
    "boot": {
      "Package": "boot",
      "Version": "1.3-28",
      "Source": "Repository",
      "Repository": "CRAN",
      "Hash": "0baa960e3b49c6176a4f42addcbacc59"
    },
    "brew": {
      "Package": "brew",
      "Version": "1.0-6",
      "Source": "Repository",
      "Repository": "CRAN",
      "Hash": "92a5f887f9ae3035ac7afde22ba73ee9"
    },
    "brio": {
      "Package": "brio",
      "Version": "1.1.2",
      "Source": "Repository",
      "Repository": "CRAN",
      "Hash": "2f01e16ff9571fe70381c7b9ae560dc4"
    },
    "bslib": {
      "Package": "bslib",
      "Version": "0.2.5.1",
      "Source": "Repository",
      "Repository": "CRAN",
      "Hash": "2f069f3f42847231aef7baa49bed97b0"
    },
    "cachem": {
      "Package": "cachem",
      "Version": "1.0.5",
      "Source": "Repository",
      "Repository": "CRAN",
      "Hash": "5346f76a33eb7417812c270b04a5581b"
    },
    "callr": {
      "Package": "callr",
      "Version": "3.5.1",
      "Source": "Repository",
      "Repository": "CRAN",
      "Hash": "b7d7f1e926dfcd57c74ce93f5c048e80"
    },
    "cellranger": {
      "Package": "cellranger",
      "Version": "1.1.0",
      "Source": "Repository",
      "Repository": "CRAN",
      "Hash": "f61dbaec772ccd2e17705c1e872e9e7c"
    },
    "checkmate": {
      "Package": "checkmate",
      "Version": "2.0.0",
      "Source": "Repository",
      "Repository": "CRAN",
      "Hash": "a667800d5f0350371bedeb8b8b950289"
    },
    "ckanr": {
      "Package": "ckanr",
      "Version": "0.5.0",
      "Source": "Repository",
      "Repository": "CRAN",
      "Hash": "f174ee99c3f4897e5bcd8713eb5f05a9"
    },
    "class": {
      "Package": "class",
      "Version": "7.3-19",
      "Source": "Repository",
      "Repository": "CRAN",
      "Hash": "1593b7beb067c8381c0d24e38bd778e0"
    },
    "classInt": {
      "Package": "classInt",
      "Version": "0.4-3",
      "Source": "Repository",
      "Repository": "CRAN",
      "Hash": "17bdfa3c51df4a6c82484d13b11fb380"
    },
    "cli": {
      "Package": "cli",
      "Version": "3.0.0",
      "Source": "Repository",
      "Repository": "CRAN",
      "Hash": "096829b701eec2d2b4538be63de97e75"
    },
    "clipr": {
      "Package": "clipr",
      "Version": "0.7.1",
      "Source": "Repository",
      "Repository": "CRAN",
      "Hash": "ebaa97ac99cc2daf04e77eecc7b781d7"
    },
    "codetools": {
      "Package": "codetools",
      "Version": "0.2-18",
      "Source": "Repository",
      "Repository": "CRAN",
      "Hash": "019388fc48e48b3da0d3a76ff94608a8"
    },
    "colorspace": {
      "Package": "colorspace",
      "Version": "1.4-1",
      "Source": "Repository",
      "Repository": "CRAN",
      "Hash": "6b436e95723d1f0e861224dd9b094dfb"
    },
    "commonmark": {
      "Package": "commonmark",
      "Version": "1.7",
      "Source": "Repository",
      "Repository": "CRAN",
      "Hash": "0f22be39ec1d141fd03683c06f3a6e67"
    },
    "covr": {
      "Package": "covr",
      "Version": "3.5.1",
      "Source": "Repository",
      "Repository": "CRAN",
      "Hash": "6d80a9fc3c0c8473153b54fa54719dfd"
    },
    "cpp11": {
      "Package": "cpp11",
      "Version": "0.2.2",
      "Source": "Repository",
      "Repository": "CRAN",
      "Hash": "f28776fbc53c699a788792a89c4465a6"
    },
    "crayon": {
      "Package": "crayon",
      "Version": "1.4.1",
      "Source": "Repository",
      "Repository": "CRAN",
      "Hash": "e75525c55c70e5f4f78c9960a4b402e9"
    },
    "crosstalk": {
      "Package": "crosstalk",
      "Version": "1.1.0.1",
      "Source": "Repository",
      "Repository": "CRAN",
      "Hash": "ae55f5d7c02f0ab43c58dd050694f2b4"
    },
    "crul": {
      "Package": "crul",
      "Version": "1.0.0",
      "Source": "Repository",
      "Repository": "CRAN",
      "Hash": "9c36cf228a33d1aafc2658ce3d422698"
    },
    "curl": {
      "Package": "curl",
      "Version": "4.3",
      "Source": "Repository",
      "Repository": "CRAN",
      "Hash": "2b7d10581cc730804e9ed178c8374bd6"
    },
    "data.table": {
      "Package": "data.table",
      "Version": "1.13.2",
      "Source": "Repository",
      "Repository": "CRAN",
      "Hash": "907b184e0fd13bc19154a8f322920015"
    },
    "datacleanr": {
      "Package": "datacleanr",
      "Version": "1.0.0",
      "Source": "GitHub",
      "RemoteType": "github",
      "RemoteHost": "api.github.com",
      "RemoteRepo": "datacleanr",
      "RemoteUsername": "the-hull",
      "RemoteRef": "HEAD",
      "RemoteSha": "1a73a1e6a0746067faf4578a3bd8bdc75b736f8e",
      "Hash": "73fec76d4a91a86bb2826443006b3972"
    },
    "dbplyr": {
      "Package": "dbplyr",
      "Version": "1.4.4",
      "Source": "Repository",
      "Repository": "CRAN",
      "Hash": "2ba60a82dd9b6ca3cee0d8e2574cdf0e"
    },
    "desc": {
      "Package": "desc",
      "Version": "1.2.0",
      "Source": "Repository",
      "Repository": "CRAN",
      "Hash": "6c8fe8fa26a23b79949375d372c7b395"
    },
    "devtools": {
      "Package": "devtools",
      "Version": "2.3.1",
      "Source": "Repository",
      "Repository": "CRAN",
      "Hash": "271df6a328617c64149283e98b1cd8da"
    },
    "diffobj": {
      "Package": "diffobj",
      "Version": "0.3.4",
      "Source": "Repository",
      "Repository": "CRAN",
      "Hash": "feb5b7455eba422a2c110bb89852e6a3"
    },
    "digest": {
      "Package": "digest",
      "Version": "0.6.27",
      "Source": "Repository",
      "Repository": "CRAN",
      "Hash": "a0cbe758a531d054b537d16dff4d58a1"
    },
    "doParallel": {
      "Package": "doParallel",
      "Version": "1.0.16",
      "Source": "Repository",
      "Repository": "CRAN",
      "Hash": "2dc413572eb42475179bfe0afabd2adf"
    },
    "dplyr": {
      "Package": "dplyr",
      "Version": "1.0.2",
      "Source": "Repository",
      "Repository": "CRAN",
      "Hash": "d0509913b27ea898189ee664b6030dc2"
    },
    "drake": {
      "Package": "drake",
      "Version": "7.12.6",
      "Source": "Repository",
      "Repository": "CRAN",
      "Hash": "7591b4ae5ecb21f7b2e86a0a24d2f56f"
    },
    "e1071": {
      "Package": "e1071",
      "Version": "1.7-4",
      "Source": "Repository",
      "Repository": "CRAN",
      "Hash": "7e9462e3e3e565f51fbec181dfcab890"
    },
    "ecmwfr": {
      "Package": "ecmwfr",
      "Version": "1.3.0",
      "Source": "Repository",
      "Repository": "CRAN",
      "Hash": "ef6614f0bdcca03f6e44f762fc8060c8"
    },
    "ellipsis": {
      "Package": "ellipsis",
      "Version": "0.3.2",
      "Source": "Repository",
      "Repository": "CRAN",
      "Hash": "bb0eec2fe32e88d9e2836c2f73ea2077"
    },
    "evaluate": {
      "Package": "evaluate",
      "Version": "0.14",
      "Source": "Repository",
      "Repository": "CRAN",
      "Hash": "ec8ca05cffcc70569eaaad8469d2a3a7"
    },
    "extrafont": {
      "Package": "extrafont",
      "Version": "0.17",
      "Source": "Repository",
      "Repository": "CRAN",
      "Hash": "7f2f50e8f998a4bea4b04650fc4f2ca8"
    },
    "extrafontdb": {
      "Package": "extrafontdb",
      "Version": "1.0",
      "Source": "Repository",
      "Repository": "CRAN",
      "Hash": "a861555ddec7451c653b40e713166c6f"
    },
    "fansi": {
      "Package": "fansi",
      "Version": "0.4.1",
      "Source": "Repository",
      "Repository": "CRAN",
      "Hash": "7fce217eaaf8016e72065e85c73027b5"
    },
    "farver": {
      "Package": "farver",
      "Version": "2.0.3",
      "Source": "Repository",
      "Repository": "CRAN",
      "Hash": "dad6793a5a1f73c8e91f1a1e3e834b05"
    },
    "fasterize": {
      "Package": "fasterize",
      "Version": "1.0.3",
      "Source": "Repository",
      "Repository": "CRAN",
      "Hash": "58438060a8058aaffaf688becfe80c66"
    },
    "fastmap": {
      "Package": "fastmap",
      "Version": "1.1.0",
      "Source": "Repository",
      "Repository": "CRAN",
      "Hash": "77bd60a6157420d4ffa93b27cf6a58b8"
    },
    "filelock": {
      "Package": "filelock",
      "Version": "1.0.2",
      "Source": "Repository",
      "Repository": "CRAN",
      "Hash": "38ec653c2613bed60052ba3787bd8a2c"
    },
    "forcats": {
      "Package": "forcats",
      "Version": "0.5.0",
      "Source": "Repository",
      "Repository": "CRAN",
      "Hash": "1cb4279e697650f0bd78cd3601ee7576"
    },
    "foreach": {
      "Package": "foreach",
      "Version": "1.5.1",
      "Source": "Repository",
      "Repository": "CRAN",
      "Hash": "e32cfc0973caba11b65b1fa691b4d8c9"
    },
    "formatR": {
      "Package": "formatR",
      "Version": "1.7",
      "Source": "Repository",
      "Repository": "CRAN",
      "Hash": "ad36e26eeeb7393886d8a0e19bc6ee42"
    },
    "fs": {
      "Package": "fs",
      "Version": "1.5.0",
      "Source": "Repository",
      "Repository": "CRAN",
      "Hash": "44594a07a42e5f91fac9f93fda6d0109"
    },
    "furrr": {
      "Package": "furrr",
      "Version": "0.2.0",
      "Source": "Repository",
      "Repository": "CRAN",
      "Hash": "b8d3a04c6f7d7e73bfcf926be723f0d0"
    },
    "future": {
      "Package": "future",
      "Version": "1.19.1",
      "Source": "Repository",
      "Repository": "CRAN",
      "Hash": "224cbc34a2c97606b0e6311e3bd19e05"
    },
    "future.callr": {
      "Package": "future.callr",
      "Version": "0.5.0",
      "Source": "Repository",
      "Repository": "CRAN",
      "Hash": "3a99a9c2cb8ad474943bfcaea69016dc"
    },
    "gap": {
      "Package": "gap",
      "Version": "1.2.3-1",
      "Source": "Repository",
      "Repository": "CRAN",
      "Hash": "1469228121a044802d82e29358907b24"
    },
    "generics": {
      "Package": "generics",
      "Version": "0.0.2",
      "Source": "Repository",
      "Repository": "CRAN",
      "Hash": "b8cff1d1391fd1ad8b65877f4c7f2e53"
    },
    "getPass": {
      "Package": "getPass",
      "Version": "0.2-2",
      "Source": "Repository",
      "Repository": "CRAN",
      "Hash": "07a91f99e56951818ab911366db77700"
    },
    "ggplot2": {
      "Package": "ggplot2",
      "Version": "3.3.2",
      "Source": "Repository",
      "Repository": "CRAN",
      "Hash": "4ded8b439797f7b1693bd3d238d0106b"
    },
    "gh": {
      "Package": "gh",
      "Version": "1.1.0",
      "Source": "Repository",
      "Repository": "CRAN",
      "Hash": "89ea5998938d1ad55f035c8a86f96b74"
    },
    "git2r": {
      "Package": "git2r",
      "Version": "0.27.1",
      "Source": "Repository",
      "Repository": "CRAN",
      "Hash": "531a82d1beed1f545beb25f4f5945bf7"
    },
    "globals": {
      "Package": "globals",
      "Version": "0.13.1",
      "Source": "Repository",
      "Repository": "CRAN",
      "Hash": "3eb799a11cf9d28314691e44a2eaaa14"
    },
    "glue": {
      "Package": "glue",
      "Version": "1.4.2",
      "Source": "Repository",
      "Repository": "CRAN",
      "Hash": "6efd734b14c6471cfe443345f3e35e29"
    },
    "gtable": {
      "Package": "gtable",
      "Version": "0.3.0",
      "Source": "Repository",
      "Repository": "CRAN",
      "Hash": "ac5c6baf7822ce8732b343f14c072c4d"
    },
    "here": {
      "Package": "here",
      "Version": "0.1",
      "Source": "Repository",
      "Repository": "CRAN",
      "Hash": "2c0406b8e0a4c3516ab37be62da74e3c"
    },
    "hexbin": {
      "Package": "hexbin",
      "Version": "1.28.1",
      "Source": "Repository",
      "Repository": "CRAN",
      "Hash": "3d59212f2814d65dff517e6899813c58"
    },
    "highr": {
      "Package": "highr",
      "Version": "0.8",
      "Source": "Repository",
      "Repository": "CRAN",
      "Hash": "4dc5bb88961e347a0f4d8aad597cbfac"
    },
    "hms": {
      "Package": "hms",
      "Version": "1.1.0",
      "Source": "Repository",
      "Repository": "CRAN",
      "Hash": "e4bf161ccb74a2c1c0e8ac63bbe332b4"
    },
    "htmltools": {
      "Package": "htmltools",
      "Version": "0.5.1.1",
      "Source": "Repository",
      "Repository": "CRAN",
      "Hash": "af2c2531e55df5cf230c4b5444fc973c"
    },
    "htmlwidgets": {
      "Package": "htmlwidgets",
      "Version": "1.5.2",
      "Source": "Repository",
      "Repository": "CRAN",
      "Hash": "0aaf56b7960bb066646e1868cadcaf07"
    },
    "httpcode": {
      "Package": "httpcode",
      "Version": "0.3.0",
      "Source": "Repository",
      "Repository": "CRAN",
      "Hash": "13641a1c6d2cc98801b76764078e17ea"
    },
    "httpuv": {
      "Package": "httpuv",
      "Version": "1.6.1",
      "Source": "Repository",
      "Repository": "CRAN",
      "Hash": "54344a78aae37bc6ef39b1240969df8e"
    },
    "httr": {
      "Package": "httr",
      "Version": "1.4.2",
      "Source": "Repository",
      "Repository": "CRAN",
      "Hash": "a525aba14184fec243f9eaec62fbed43"
    },
    "igraph": {
      "Package": "igraph",
      "Version": "1.2.6",
      "Source": "Repository",
      "Repository": "CRAN",
      "Hash": "7b1f856410253d56ea67ad808f7cdff6"
    },
    "ini": {
      "Package": "ini",
      "Version": "0.3.1",
      "Source": "Repository",
      "Repository": "CRAN",
      "Hash": "6154ec2223172bce8162d4153cda21f7"
    },
    "isoband": {
      "Package": "isoband",
      "Version": "0.2.2",
      "Source": "Repository",
      "Repository": "CRAN",
      "Hash": "6e58bd3d6b3dd82a944cd6f05ade228f"
    },
    "iterators": {
      "Package": "iterators",
      "Version": "1.0.13",
      "Source": "Repository",
      "Repository": "CRAN",
      "Hash": "64778782a89480e9a644f69aad9a2877"
    },
    "jquerylib": {
      "Package": "jquerylib",
      "Version": "0.1.4",
      "Source": "Repository",
      "Repository": "CRAN",
      "Hash": "5aab57a3bd297eee1c1d862735972182"
    },
    "jsonlite": {
      "Package": "jsonlite",
      "Version": "1.7.2",
      "Source": "Repository",
      "Repository": "CRAN",
      "Hash": "98138e0994d41508c7a6b84a0600cfcb"
    },
    "kableExtra": {
      "Package": "kableExtra",
      "Version": "1.3.4",
      "Source": "Repository",
      "Repository": "CRAN",
      "Hash": "49b625e6aabe4c5f091f5850aba8ff78"
    },
    "keyring": {
      "Package": "keyring",
      "Version": "1.2.0",
      "Source": "Repository",
      "Repository": "CRAN",
      "Hash": "dec373d855af8247fd5e24c0ebe14472"
    },
    "knitr": {
      "Package": "knitr",
      "Version": "1.33",
      "Source": "Repository",
      "Repository": "CRAN",
      "Hash": "0bc1b5da1b0eb07cd4b727e95e9ff0b8"
    },
    "labeling": {
      "Package": "labeling",
      "Version": "0.4.2",
      "Source": "Repository",
      "Repository": "CRAN",
      "Hash": "3d5108641f47470611a32d0bdf357a72"
    },
    "later": {
      "Package": "later",
      "Version": "1.2.0",
      "Source": "Repository",
      "Repository": "CRAN",
      "Hash": "b61890ae77fea19fc8acadd25db70aa4"
    },
    "lattice": {
      "Package": "lattice",
      "Version": "0.20-44",
      "Source": "Repository",
      "Repository": "CRAN",
      "Hash": "f36bf1a849d9106dc2af72e501f9de41"
    },
    "lazyeval": {
      "Package": "lazyeval",
      "Version": "0.2.2",
      "Source": "Repository",
      "Repository": "CRAN",
      "Hash": "d908914ae53b04d4c0c0fd72ecc35370"
    },
    "lifecycle": {
      "Package": "lifecycle",
      "Version": "1.0.0",
      "Source": "Repository",
      "Repository": "CRAN",
      "Hash": "3471fb65971f1a7b2d4ae7848cf2db8d"
    },
    "listenv": {
      "Package": "listenv",
      "Version": "0.8.0",
      "Source": "Repository",
      "Repository": "CRAN",
      "Hash": "0bde42ee282efb18c7c4e63822f5b4f7"
    },
    "lme4": {
      "Package": "lme4",
      "Version": "1.1-27",
      "Source": "Repository",
      "Repository": "CRAN",
      "Hash": "e055d75b424a33fdc8904e5f81263789"
    },
    "lmtest": {
      "Package": "lmtest",
      "Version": "0.9-38",
      "Source": "Repository",
      "Repository": "CRAN",
      "Hash": "b0edacc02f7a3dad41a1afc385e929f4"
    },
    "lubridate": {
      "Package": "lubridate",
      "Version": "1.7.9",
      "Source": "Repository",
      "Repository": "CRAN",
      "Hash": "fc1c91e2e8d9e1fc932e75aa1ed989b7"
    },
    "lwgeom": {
      "Package": "lwgeom",
      "Version": "0.2-5",
      "Source": "Repository",
      "Repository": "CRAN",
      "Hash": "cf96b08482dfbed1b7ab7d0ba4395077"
    },
    "magick": {
      "Package": "magick",
      "Version": "2.4.0",
      "Source": "Repository",
      "Repository": "CRAN",
      "Hash": "40a9efbb0418902cf6b663a1529a975a"
    },
    "magrittr": {
      "Package": "magrittr",
      "Version": "2.0.1",
      "Source": "Repository",
      "Repository": "CRAN",
      "Hash": "41287f1ac7d28a92f0a286ed507928d3"
    },
    "markdown": {
      "Package": "markdown",
      "Version": "1.1",
      "Source": "Repository",
      "Repository": "CRAN",
      "Hash": "61e4a10781dd00d7d81dd06ca9b94e95"
    },
    "matrixStats": {
      "Package": "matrixStats",
      "Version": "0.57.0",
      "Source": "Repository",
      "Repository": "CRAN",
      "Hash": "7249fc52d19eab5af7a02925ab534d9c"
    },
    "memoise": {
      "Package": "memoise",
      "Version": "1.1.0",
      "Source": "Repository",
      "Repository": "CRAN",
      "Hash": "58baa74e4603fcfb9a94401c58c8f9b1"
    },
    "mgcv": {
      "Package": "mgcv",
      "Version": "1.8-35",
      "Source": "Repository",
      "Repository": "CRAN",
      "Hash": "89fd8b2ad4a6cb4979b78cf2a77ab503"
    },
    "microbenchmark": {
      "Package": "microbenchmark",
      "Version": "1.4-7",
      "Source": "Repository",
      "Repository": "CRAN",
      "Hash": "9ffe05828082333ec03d1669e5ca47b9"
    },
    "mime": {
      "Package": "mime",
      "Version": "0.10",
      "Source": "Repository",
      "Repository": "CRAN",
      "Hash": "26fa77e707223e1ce042b2b5d09993dc"
    },
    "minqa": {
      "Package": "minqa",
      "Version": "1.2.4",
      "Source": "Repository",
      "Repository": "CRAN",
      "Hash": "eaee7d2a6f3ed4491df868611cb064cc"
    },
    "munsell": {
      "Package": "munsell",
      "Version": "0.5.0",
      "Source": "Repository",
      "Repository": "CRAN",
      "Hash": "6dfe8bf774944bd5595785e3229d8771"
    },
    "ncdf4": {
      "Package": "ncdf4",
      "Version": "1.17",
      "Source": "Repository",
      "Repository": "CRAN",
      "Hash": "5c1c0231b12b3d54cf619a3e5e36d229"
    },
    "nlme": {
      "Package": "nlme",
      "Version": "3.1-152",
      "Source": "Repository",
      "Repository": "CRAN",
      "Hash": "35de1ce639f20b5e10f7f46260730c65"
    },
    "nloptr": {
      "Package": "nloptr",
      "Version": "1.2.2.2",
      "Source": "Repository",
      "Repository": "CRAN",
      "Hash": "2737faeee353704efec5afa1e943dd64"
    },
    "openssl": {
      "Package": "openssl",
      "Version": "1.4.3",
      "Source": "Repository",
      "Repository": "CRAN",
      "Hash": "a399e4773075fc2375b71f45fca186c4"
    },
    "pander": {
      "Package": "pander",
      "Version": "0.6.3",
      "Source": "Repository",
      "Repository": "CRAN",
      "Hash": "121198ce37b5a6b5227edc5a38223da4"
    },
    "pillar": {
      "Package": "pillar",
      "Version": "1.4.6",
      "Source": "Repository",
      "Repository": "CRAN",
      "Hash": "bdf26e55ccb7df3e49a490150277f002"
    },
    "pkgbuild": {
      "Package": "pkgbuild",
      "Version": "1.1.0",
      "Source": "Repository",
      "Repository": "CRAN",
      "Hash": "404684bc4e3685007f9720adf13b06c1"
    },
    "pkgconfig": {
      "Package": "pkgconfig",
      "Version": "2.0.3",
      "Source": "Repository",
      "Repository": "CRAN",
      "Hash": "01f28d4278f15c76cddbea05899c5d6f"
    },
    "pkgload": {
      "Package": "pkgload",
      "Version": "1.1.0",
      "Source": "Repository",
      "Repository": "CRAN",
      "Hash": "b6b150cd4709e0c0c9b5d51ac4376282"
    },
    "plotly": {
      "Package": "plotly",
      "Version": "4.9.2.1",
      "Source": "Repository",
      "Repository": "CRAN",
      "Hash": "b08edf378e0e38959a6983e3d5902795"
    },
    "plyr": {
      "Package": "plyr",
      "Version": "1.8.6",
      "Source": "Repository",
      "Repository": "CRAN",
      "Hash": "ec0e5ab4e5f851f6ef32cd1d1984957f"
    },
    "praise": {
      "Package": "praise",
      "Version": "1.0.0",
      "Source": "Repository",
      "Repository": "CRAN",
      "Hash": "a555924add98c99d2f411e37e7d25e9f"
    },
    "prettyunits": {
      "Package": "prettyunits",
      "Version": "1.1.1",
      "Source": "Repository",
      "Repository": "CRAN",
      "Hash": "95ef9167b75dde9d2ccc3c7528393e7e"
    },
    "processx": {
      "Package": "processx",
      "Version": "3.4.4",
      "Source": "Repository",
      "Repository": "CRAN",
      "Hash": "03446ed0b8129916f73676726cb3c48f"
    },
    "progress": {
      "Package": "progress",
      "Version": "1.2.2",
      "Source": "Repository",
      "Repository": "CRAN",
      "Hash": "14dc9f7a3c91ebb14ec5bb9208a07061"
    },
    "promises": {
      "Package": "promises",
      "Version": "1.2.0.1",
      "Source": "Repository",
      "Repository": "CRAN",
      "Hash": "4ab2c43adb4d4699cf3690acd378d75d"
    },
    "pryr": {
      "Package": "pryr",
      "Version": "0.1.4",
      "Source": "Repository",
      "Repository": "CRAN",
      "Hash": "bdc2df7c4155553e5a97a56a6c9f0a0d"
    },
    "ps": {
      "Package": "ps",
      "Version": "1.4.0",
      "Source": "Repository",
      "Repository": "CRAN",
      "Hash": "f5d7d94cc097aa9dade988e3e6715067"
    },
    "purrr": {
      "Package": "purrr",
      "Version": "0.3.4",
      "Source": "Repository",
      "Repository": "CRAN",
      "Hash": "97def703420c8ab10d8f0e6c72101e02"
    },
    "qgam": {
      "Package": "qgam",
      "Version": "1.3.3",
      "Source": "Repository",
      "Repository": "CRAN",
      "Hash": "a7d5e5e73a8d0778ef17f46ee2f743ce"
    },
    "rappdirs": {
      "Package": "rappdirs",
      "Version": "0.3.3",
      "Source": "Repository",
      "Repository": "CRAN",
      "Hash": "5e3c5dc0b071b21fa128676560dbe94d"
    },
    "rapportools": {
      "Package": "rapportools",
      "Version": "1.0",
      "Source": "Repository",
      "Repository": "CRAN",
      "Hash": "91e40b68935a214e80ce91b628519253"
    },
    "raster": {
      "Package": "raster",
      "Version": "3.4-10",
      "Source": "Repository",
      "Repository": "CRAN",
      "Hash": "1d6398dd08391629b5438f9de172f038"
    },
    "rcmdcheck": {
      "Package": "rcmdcheck",
      "Version": "1.3.3",
      "Source": "Repository",
      "Repository": "CRAN",
      "Hash": "ed95895886dab6d2a584da45503555da"
    },
    "readxl": {
      "Package": "readxl",
      "Version": "1.3.1",
      "Source": "Repository",
      "Repository": "CRAN",
      "Hash": "63537c483c2dbec8d9e3183b3735254a"
    },
    "rematch": {
      "Package": "rematch",
      "Version": "1.0.1",
      "Source": "Repository",
      "Repository": "CRAN",
      "Hash": "c66b930d20bb6d858cd18e1cebcfae5c"
    },
    "rematch2": {
      "Package": "rematch2",
      "Version": "2.1.2",
      "Source": "Repository",
      "Repository": "CRAN",
      "Hash": "76c9e04c712a05848ae7a23d2f170a40"
    },
    "remotes": {
      "Package": "remotes",
      "Version": "2.2.0",
      "Source": "Repository",
      "Repository": "CRAN",
      "Hash": "430a0908aee75b1fcba0e62857cab0ce"
    },
    "renv": {
      "Package": "renv",
      "Version": "0.13.2",
      "Source": "Repository",
      "Repository": "CRAN",
      "Hash": "079cb1f03ff972b30401ed05623cbe92"
    },
    "reshape": {
      "Package": "reshape",
      "Version": "0.8.8",
      "Source": "Repository",
      "Repository": "CRAN",
      "Hash": "0f4d941129e00ed34a7d192b1da7ccef"
    },
    "rex": {
      "Package": "rex",
      "Version": "1.2.0",
      "Source": "Repository",
      "Repository": "CRAN",
      "Hash": "093584b944440c5cd07a696b3c8e0e4c"
    },
    "rgdal": {
      "Package": "rgdal",
      "Version": "1.5-18",
      "Source": "Repository",
      "Repository": "CRAN",
      "Hash": "402fc3169948d26581d585360825c65c"
    },
    "rlang": {
      "Package": "rlang",
      "Version": "0.4.11",
      "Source": "Repository",
      "Repository": "CRAN",
      "Hash": "515f341d3affe0de9e4a7f762efb0456"
    },
    "rmarkdown": {
      "Package": "rmarkdown",
      "Version": "2.5",
      "Source": "Repository",
      "Repository": "CRAN",
      "Hash": "20a0a94af9e8f7040510447763aab3e9"
    },
    "roxygen2": {
      "Package": "roxygen2",
      "Version": "7.1.1",
      "Source": "Repository",
      "Repository": "CRAN",
      "Hash": "fcd94e00cc409b25d07ca50f7bf339f5"
    },
    "rprojroot": {
      "Package": "rprojroot",
      "Version": "1.3-2",
      "Source": "Repository",
      "Repository": "CRAN",
      "Hash": "f6a407ae5dd21f6f80a6708bbb6eb3ae"
    },
    "rstudioapi": {
      "Package": "rstudioapi",
      "Version": "0.11",
      "Source": "Repository",
      "Repository": "CRAN",
      "Hash": "33a5b27a03da82ac4b1d43268f80088a"
    },
    "rversions": {
      "Package": "rversions",
      "Version": "2.0.2",
      "Source": "Repository",
      "Repository": "CRAN",
      "Hash": "0ec41191f744d0f5afad8c6f35cc36e4"
    },
    "rvest": {
      "Package": "rvest",
      "Version": "1.0.0",
      "Source": "Repository",
      "Repository": "CRAN",
      "Hash": "74b905b0076e1de6e27f540c95ba68d5"
    },
    "sass": {
      "Package": "sass",
      "Version": "0.4.0",
      "Source": "Repository",
      "Repository": "CRAN",
      "Hash": "50cf822feb64bb3977bda0b7091be623"
    },
    "scales": {
      "Package": "scales",
      "Version": "1.1.1",
      "Source": "Repository",
      "Repository": "CRAN",
      "Hash": "6f76f71042411426ec8df6c54f34e6dd"
    },
    "selectr": {
      "Package": "selectr",
      "Version": "0.4-2",
      "Source": "Repository",
      "Repository": "CRAN",
      "Hash": "3838071b66e0c566d55cc26bd6e27bf4"
    },
    "sessioninfo": {
      "Package": "sessioninfo",
      "Version": "1.1.1",
      "Source": "Repository",
      "Repository": "CRAN",
      "Hash": "308013098befe37484df72c39cf90d6e"
    },
    "sf": {
      "Package": "sf",
      "Version": "0.9-6",
      "Source": "Repository",
      "Repository": "CRAN",
      "Hash": "bf0ef23231efe31576e08d69772892ef"
    },
    "shiny": {
      "Package": "shiny",
      "Version": "1.6.0",
      "Source": "Repository",
      "Repository": "CRAN",
      "Hash": "6e3b6ae7fe02b5859e4bb277f218b8ae"
    },
    "shinyFiles": {
      "Package": "shinyFiles",
      "Version": "0.8.0",
      "Source": "Repository",
      "Repository": "CRAN",
      "Hash": "84ec1433475be69f484bc886e51b5c48"
    },
    "shinyWidgets": {
      "Package": "shinyWidgets",
      "Version": "0.5.4",
      "Source": "Repository",
      "Repository": "CRAN",
      "Hash": "2d537ac92c7ad118263cbd797c07f180"
    },
    "snow": {
      "Package": "snow",
      "Version": "0.4-3",
      "Source": "Repository",
      "Repository": "CRAN",
      "Hash": "11b822ad6214111a4188d5e5fd1b144c"
    },
    "sodium": {
      "Package": "sodium",
      "Version": "1.1",
      "Source": "Repository",
      "Repository": "CRAN",
      "Hash": "9f07fda8802e9a2ed7e91f20f2d814ce"
    },
    "sourcetools": {
      "Package": "sourcetools",
      "Version": "0.1.7",
      "Source": "Repository",
      "Repository": "CRAN",
      "Hash": "947e4e02a79effa5d512473e10f41797"
    },
    "sp": {
      "Package": "sp",
      "Version": "1.4-5",
      "Source": "Repository",
      "Repository": "CRAN",
      "Hash": "dfd843ee98246cf932823acf613b05dd"
    },
    "stars": {
      "Package": "stars",
      "Version": "0.4-3",
      "Source": "Repository",
      "Repository": "CRAN",
      "Hash": "f95567051881abcceb27cf8aec08200c"
    },
    "storr": {
      "Package": "storr",
      "Version": "1.2.4",
      "Source": "Repository",
      "Repository": "CRAN",
      "Hash": "0a55780dc369fac5a975fcf8f594c72b"
    },
    "stringi": {
      "Package": "stringi",
      "Version": "1.5.3",
      "Source": "Repository",
      "Repository": "CRAN",
      "Hash": "a063ebea753c92910a4cca7b18bc1f05"
    },
    "stringr": {
      "Package": "stringr",
      "Version": "1.4.0",
      "Source": "Repository",
      "Repository": "CRAN",
      "Hash": "0759e6b6c0957edb1311028a49a35e76"
    },
    "summarytools": {
      "Package": "summarytools",
      "Version": "0.9.6",
      "Source": "Repository",
      "Repository": "CRAN",
      "Hash": "e1c29fc19c43441f0c3ddb22eb159fa0"
    },
    "svglite": {
      "Package": "svglite",
      "Version": "2.0.0",
      "Source": "Repository",
      "Repository": "CRAN",
      "Hash": "8fb6188960bf0f90996ce52f9c2106ac"
    },
    "sys": {
      "Package": "sys",
      "Version": "3.4",
      "Source": "Repository",
      "Repository": "CRAN",
      "Hash": "b227d13e29222b4574486cfcbde077fa"
    },
    "systemfonts": {
      "Package": "systemfonts",
      "Version": "1.0.2",
      "Source": "Repository",
      "Repository": "CRAN",
      "Hash": "f2e17ba09737e2e7e2ec40fc1f9b6e08"
    },
    "testthat": {
      "Package": "testthat",
      "Version": "3.0.4",
      "Source": "Repository",
      "Repository": "CRAN",
      "Hash": "575216c9946ca70016c3ffb9c31709ba"
    },
    "tibble": {
      "Package": "tibble",
      "Version": "3.0.4",
      "Source": "Repository",
      "Repository": "CRAN",
      "Hash": "71dffd8544691c520dd8e41ed2d7e070"
    },
    "tidyr": {
      "Package": "tidyr",
      "Version": "1.1.2",
      "Source": "Repository",
      "Repository": "CRAN",
      "Hash": "c40b2d5824d829190f4b825f4496dfae"
    },
    "tidyselect": {
      "Package": "tidyselect",
      "Version": "1.1.0",
      "Source": "Repository",
      "Repository": "CRAN",
      "Hash": "6ea435c354e8448819627cf686f66e0a"
    },
    "tinytex": {
      "Package": "tinytex",
      "Version": "0.26",
      "Source": "Repository",
      "Repository": "CRAN",
      "Hash": "db6477efcfbffcd9b3758c3c2882cf58"
    },
    "triebeard": {
      "Package": "triebeard",
      "Version": "0.3.0",
      "Source": "Repository",
      "Repository": "CRAN",
      "Hash": "847a9d113b78baca4a9a8639609ea228"
    },
    "txtq": {
      "Package": "txtq",
      "Version": "0.2.3",
      "Source": "Repository",
      "Repository": "CRAN",
      "Hash": "38a421b8003ba704b5b8471e6c3762a7"
    },
    "units": {
      "Package": "units",
      "Version": "0.6-7",
      "Source": "Repository",
      "Repository": "CRAN",
      "Hash": "4a3df844d6d35ca2ba2b7ba95446b955"
    },
    "urltools": {
      "Package": "urltools",
      "Version": "1.7.3",
      "Source": "Repository",
      "Repository": "CRAN",
      "Hash": "e86a704261a105f4703f653e05defa3e"
    },
    "usethis": {
      "Package": "usethis",
      "Version": "1.6.1",
      "Source": "Repository",
      "Repository": "CRAN",
      "Hash": "e1985f5a9985fea2e338fa7eb99018ca"
    },
    "utf8": {
      "Package": "utf8",
      "Version": "1.1.4",
      "Source": "Repository",
      "Repository": "CRAN",
      "Hash": "4a5081acfb7b81a572e4384a7aaf2af1"
    },
    "vctrs": {
      "Package": "vctrs",
      "Version": "0.3.8",
      "Source": "Repository",
      "Repository": "CRAN",
      "Hash": "ecf749a1b39ea72bd9b51b76292261f1"
    },
    "viridisLite": {
      "Package": "viridisLite",
      "Version": "0.3.0",
      "Source": "Repository",
      "Repository": "CRAN",
      "Hash": "ce4f6271baa94776db692f1cb2055bee"
    },
    "waldo": {
      "Package": "waldo",
      "Version": "0.2.5",
      "Source": "Repository",
      "Repository": "CRAN",
      "Hash": "20c45f1d511a3f730b7b469f4d11e104"
    },
    "webshot": {
      "Package": "webshot",
      "Version": "0.5.2",
      "Source": "Repository",
      "Repository": "CRAN",
      "Hash": "e99d80ad34457a4853674e89d5e806de"
    },
    "whisker": {
      "Package": "whisker",
      "Version": "0.4",
      "Source": "Repository",
      "Repository": "CRAN",
      "Hash": "ca970b96d894e90397ed20637a0c1bbe"
    },
    "withr": {
      "Package": "withr",
      "Version": "2.4.2",
      "Source": "Repository",
      "Repository": "CRAN",
      "Hash": "ad03909b44677f930fa156d47d7a3aeb"
    },
    "xfun": {
      "Package": "xfun",
      "Version": "0.24",
      "Source": "Repository",
      "Repository": "CRAN",
      "Hash": "88cdb9779a657ad80ad942245fffba31"
    },
    "xml2": {
      "Package": "xml2",
      "Version": "1.3.2",
      "Source": "Repository",
      "Repository": "CRAN",
      "Hash": "d4d71a75dd3ea9eb5fa28cc21f9585e2"
    },
    "xopen": {
      "Package": "xopen",
      "Version": "1.0.0",
      "Source": "Repository",
      "Repository": "CRAN",
      "Hash": "6c85f015dee9cc7710ddd20f86881f58"
    },
    "xtable": {
      "Package": "xtable",
      "Version": "1.8-4",
      "Source": "Repository",
      "Repository": "CRAN",
      "Hash": "b8acdf8af494d9ec19ccb2481a9b11c2"
    },
    "yaml": {
      "Package": "yaml",
      "Version": "2.2.1",
      "Source": "Repository",
      "Repository": "CRAN",
      "Hash": "2826c5d9efb0a88f657c7a679c7106db"
    },
    "zoo": {
      "Package": "zoo",
      "Version": "1.8-9",
      "Source": "Repository",
      "Repository": "CRAN",
      "Hash": "035d1c7c12593038c26fb1c2fd40c4d2"
    }
  }
}
